
Microsoft Visual Studio Solution File, Format Version 12.00
# Visual Studio Version 17
VisualStudioVersion = 17.8.34316.72
MinimumVisualStudioVersion = 10.0.40219.1
Project("{FAE04EC0-301F-11D3-BF4B-00C04F79EFBC}") = "P01_StudentSystem", "P01_StudentSystem\P01_StudentSystem.csproj", "{01F5A81E-B4B4-449E-B4F1-A345704B9BB2}"
EndProject
Global
	GlobalSection(SolutionConfigurationPlatforms) = preSolution
		Debug|Any CPU = Debug|Any CPU
		Release|Any CPU = Release|Any CPU
	EndGlobalSection
	GlobalSection(ProjectConfigurationPlatforms) = postSolution
		{01F5A81E-B4B4-449E-B4F1-A345704B9BB2}.Debug|Any CPU.ActiveCfg = Debug|Any CPU
		{01F5A81E-B4B4-449E-B4F1-A345704B9BB2}.Debug|Any CPU.Build.0 = Debug|Any CPU
		{01F5A81E-B4B4-449E-B4F1-A345704B9BB2}.Release|Any CPU.ActiveCfg = Release|Any CPU
		{01F5A81E-B4B4-449E-B4F1-A345704B9BB2}.Release|Any CPU.Build.0 = Release|Any CPU
	EndGlobalSection
	GlobalSection(SolutionProperties) = preSolution
		HideSolutionNode = FALSE
	EndGlobalSection
	GlobalSection(ExtensibilityGlobals) = postSolution
		SolutionGuid = {95A8B8F4-6ECE-4BA6-8563-D68905318ADD}
	EndGlobalSection
EndGlobal
